
Microsoft Visual Studio Solution File, Format Version 12.00
# Visual Studio Version 16
VisualStudioVersion = 16.0.29009.5
MinimumVisualStudioVersion = 10.0.40219.1
Project("{9A19103F-16F7-4668-BE54-9A1E7A4F7556}") = "Persona5APIv2.ClientWeb", "Persona5APIv2\Persona5APIv2.ClientWeb.csproj", "{F8A1ABBD-8942-4CC4-A893-3B9B4B995B9B}"
EndProject
Project("{FAE04EC0-301F-11D3-BF4B-00C04F79EFBC}") = "Persona5APIv2.Core", "Persona5APIv2.Core\Persona5APIv2.Core.csproj", "{403EEDA8-5320-4F5E-ACA1-D8932536944A}"
EndProject
Project("{FAE04EC0-301F-11D3-BF4B-00C04F79EFBC}") = "Persona5APIv2.Infrastructure", "Persona5APIv2.Infrastructure\Persona5APIv2.Infrastructure.csproj", "{3E870C75-A531-49B6-8B8E-C97282C174B0}"
EndProject
Global
	GlobalSection(SolutionConfigurationPlatforms) = preSolution
		Debug|Any CPU = Debug|Any CPU
		Release|Any CPU = Release|Any CPU
	EndGlobalSection
	GlobalSection(ProjectConfigurationPlatforms) = postSolution
		{F8A1ABBD-8942-4CC4-A893-3B9B4B995B9B}.Debug|Any CPU.ActiveCfg = Debug|Any CPU
		{F8A1ABBD-8942-4CC4-A893-3B9B4B995B9B}.Debug|Any CPU.Build.0 = Debug|Any CPU
		{F8A1ABBD-8942-4CC4-A893-3B9B4B995B9B}.Release|Any CPU.ActiveCfg = Release|Any CPU
		{F8A1ABBD-8942-4CC4-A893-3B9B4B995B9B}.Release|Any CPU.Build.0 = Release|Any CPU
		{403EEDA8-5320-4F5E-ACA1-D8932536944A}.Debug|Any CPU.ActiveCfg = Debug|Any CPU
		{403EEDA8-5320-4F5E-ACA1-D8932536944A}.Debug|Any CPU.Build.0 = Debug|Any CPU
		{403EEDA8-5320-4F5E-ACA1-D8932536944A}.Release|Any CPU.ActiveCfg = Release|Any CPU
		{403EEDA8-5320-4F5E-ACA1-D8932536944A}.Release|Any CPU.Build.0 = Release|Any CPU
		{3E870C75-A531-49B6-8B8E-C97282C174B0}.Debug|Any CPU.ActiveCfg = Debug|Any CPU
		{3E870C75-A531-49B6-8B8E-C97282C174B0}.Debug|Any CPU.Build.0 = Debug|Any CPU
		{3E870C75-A531-49B6-8B8E-C97282C174B0}.Release|Any CPU.ActiveCfg = Release|Any CPU
		{3E870C75-A531-49B6-8B8E-C97282C174B0}.Release|Any CPU.Build.0 = Release|Any CPU
	EndGlobalSection
	GlobalSection(SolutionProperties) = preSolution
		HideSolutionNode = FALSE
	EndGlobalSection
	GlobalSection(ExtensibilityGlobals) = postSolution
		SolutionGuid = {2A72DE65-A6D5-4DF6-A1E6-6A7D688DD887}
	EndGlobalSection
EndGlobal
